
Microsoft Visual Studio Solution File, Format Version 12.00
# Visual Studio 2013
VisualStudioVersion = 12.0.40629.0
MinimumVisualStudioVersion = 10.0.40219.1
Project("{8BC9CEB8-8B4A-11D0-8D11-00A0C91BC942}") = "mpeg2enc", "mpeg2enc.vcxproj", "{7C5430A3-2A42-4C64-A2A8-AA1682BC730B}"
EndProject
Global
	GlobalSection(SolutionConfigurationPlatforms) = preSolution
		Debug|Win32 = Debug|Win32
		Release|Win32 = Release|Win32
	EndGlobalSection
	GlobalSection(ProjectConfigurationPlatforms) = postSolution
		{7C5430A3-2A42-4C64-A2A8-AA1682BC730B}.Debug|Win32.ActiveCfg = Debug|Win32
		{7C5430A3-2A42-4C64-A2A8-AA1682BC730B}.Debug|Win32.Build.0 = Debug|Win32
		{7C5430A3-2A42-4C64-A2A8-AA1682BC730B}.Release|Win32.ActiveCfg = Release|Win32
		{7C5430A3-2A42-4C64-A2A8-AA1682BC730B}.Release|Win32.Build.0 = Release|Win32
	EndGlobalSection
	GlobalSection(SolutionProperties) = preSolution
		HideSolutionNode = FALSE
	EndGlobalSection
EndGlobal
